
Microsoft Visual Studio Solution File, Format Version 12.00
# Visual Studio Version 17
VisualStudioVersion = 17.9.34622.214
MinimumVisualStudioVersion = 10.0.40219.1
Project("{8BC9CEB8-8B4A-11D0-8D11-00A0C91BC942}") = "00. Algorithm", "00. Algorithm\00. Algorithm.vcxproj", "{166C44FA-A234-4922-B29D-EFE3277B0772}"
EndProject
Project("{8BC9CEB8-8B4A-11D0-8D11-00A0C91BC942}") = "01. Vector", "01. Vector\01. Vector.vcxproj", "{835F9254-F9E6-4469-9CD9-1C3B6CA2518D}"
EndProject
Project("{8BC9CEB8-8B4A-11D0-8D11-00A0C91BC942}") = "02. List", "02. List\02. List.vcxproj", "{440157EB-297B-4C38-993E-74454BAAEE79}"
EndProject
Project("{8BC9CEB8-8B4A-11D0-8D11-00A0C91BC942}") = "03. Iterator", "03. Iterator\03. Iterator.vcxproj", "{63860B46-9BA8-45CE-861B-1E6FFD58B523}"
EndProject
Project("{8BC9CEB8-8B4A-11D0-8D11-00A0C91BC942}") = "04. Stack", "04. Stack\04. Stack.vcxproj", "{AF2C7A86-50B5-4A33-B18B-36A214D20A6E}"
EndProject
Project("{8BC9CEB8-8B4A-11D0-8D11-00A0C91BC942}") = "05. Queue", "05. Queue\05. Queue.vcxproj", "{F0A53E4E-823E-4E1D-A592-2A206364C287}"
EndProject
Project("{8BC9CEB8-8B4A-11D0-8D11-00A0C91BC942}") = "06. Adapter", "06. Adapter\06. Adapter.vcxproj", "{970360C9-C48A-4CB4-9BA2-E9299F20CA51}"
EndProject
Project("{8BC9CEB8-8B4A-11D0-8D11-00A0C91BC942}") = "07. BinarySearchTree", "07. BinarySearchTree\07. BinarySearchTree.vcxproj", "{FE4156F1-5D82-4A3E-8A44-A6381A0A043E}"
EndProject
Project("{8BC9CEB8-8B4A-11D0-8D11-00A0C91BC942}") = "08. Heap", "08. Heap\08. Heap.vcxproj", "{38648AD1-BC54-44F1-A9CE-222E12F7DADC}"
EndProject
Project("{8BC9CEB8-8B4A-11D0-8D11-00A0C91BC942}") = "09. FunctionObject", "09. FunctionObject\09. FunctionObject.vcxproj", "{8E120CD5-084C-4F8F-B43A-3BD0AA57FF6F}"
EndProject
Project("{8BC9CEB8-8B4A-11D0-8D11-00A0C91BC942}") = "10. HashTable", "10. HashTable\10. HashTable.vcxproj", "{E268321A-116D-43C7-91BE-8A337793D82E}"
EndProject
Project("{8BC9CEB8-8B4A-11D0-8D11-00A0C91BC942}") = "11. DesignTechnique", "11. DesignTechnique\11. DesignTechnique.vcxproj", "{D2815C2D-CAEE-4018-BE1B-842FB34AE57E}"
EndProject
Project("{8BC9CEB8-8B4A-11D0-8D11-00A0C91BC942}") = "12. Sorting", "12. Sorting\12. Sorting.vcxproj", "{6F216A61-881E-424B-9320-943585AE851F}"
EndProject
Project("{8BC9CEB8-8B4A-11D0-8D11-00A0C91BC942}") = "13. Searching", "13. Searching\13. Searching.vcxproj", "{0F303037-4A29-4AA3-B4A4-2B6A2EA34812}"
EndProject
Global
	GlobalSection(SolutionConfigurationPlatforms) = preSolution
		Debug|x64 = Debug|x64
		Debug|x86 = Debug|x86
		Release|x64 = Release|x64
		Release|x86 = Release|x86
	EndGlobalSection
	GlobalSection(ProjectConfigurationPlatforms) = postSolution
		{166C44FA-A234-4922-B29D-EFE3277B0772}.Debug|x64.ActiveCfg = Debug|x64
		{166C44FA-A234-4922-B29D-EFE3277B0772}.Debug|x64.Build.0 = Debug|x64
		{166C44FA-A234-4922-B29D-EFE3277B0772}.Debug|x86.ActiveCfg = Debug|Win32
		{166C44FA-A234-4922-B29D-EFE3277B0772}.Debug|x86.Build.0 = Debug|Win32
		{166C44FA-A234-4922-B29D-EFE3277B0772}.Release|x64.ActiveCfg = Release|x64
		{166C44FA-A234-4922-B29D-EFE3277B0772}.Release|x64.Build.0 = Release|x64
		{166C44FA-A234-4922-B29D-EFE3277B0772}.Release|x86.ActiveCfg = Release|Win32
		{166C44FA-A234-4922-B29D-EFE3277B0772}.Release|x86.Build.0 = Release|Win32
		{835F9254-F9E6-4469-9CD9-1C3B6CA2518D}.Debug|x64.ActiveCfg = Debug|x64
		{835F9254-F9E6-4469-9CD9-1C3B6CA2518D}.Debug|x64.Build.0 = Debug|x64
		{835F9254-F9E6-4469-9CD9-1C3B6CA2518D}.Debug|x86.ActiveCfg = Debug|Win32
		{835F9254-F9E6-4469-9CD9-1C3B6CA2518D}.Debug|x86.Build.0 = Debug|Win32
		{835F9254-F9E6-4469-9CD9-1C3B6CA2518D}.Release|x64.ActiveCfg = Release|x64
		{835F9254-F9E6-4469-9CD9-1C3B6CA2518D}.Release|x64.Build.0 = Release|x64
		{835F9254-F9E6-4469-9CD9-1C3B6CA2518D}.Release|x86.ActiveCfg = Release|Win32
		{835F9254-F9E6-4469-9CD9-1C3B6CA2518D}.Release|x86.Build.0 = Release|Win32
		{440157EB-297B-4C38-993E-74454BAAEE79}.Debug|x64.ActiveCfg = Debug|x64
		{440157EB-297B-4C38-993E-74454BAAEE79}.Debug|x64.Build.0 = Debug|x64
		{440157EB-297B-4C38-993E-74454BAAEE79}.Debug|x86.ActiveCfg = Debug|Win32
		{440157EB-297B-4C38-993E-74454BAAEE79}.Debug|x86.Build.0 = Debug|Win32
		{440157EB-297B-4C38-993E-74454BAAEE79}.Release|x64.ActiveCfg = Release|x64
		{440157EB-297B-4C38-993E-74454BAAEE79}.Release|x64.Build.0 = Release|x64
		{440157EB-297B-4C38-993E-74454BAAEE79}.Release|x86.ActiveCfg = Release|Win32
		{440157EB-297B-4C38-993E-74454BAAEE79}.Release|x86.Build.0 = Release|Win32
		{63860B46-9BA8-45CE-861B-1E6FFD58B523}.Debug|x64.ActiveCfg = Debug|x64
		{63860B46-9BA8-45CE-861B-1E6FFD58B523}.Debug|x64.Build.0 = Debug|x64
		{63860B46-9BA8-45CE-861B-1E6FFD58B523}.Debug|x86.ActiveCfg = Debug|Win32
		{63860B46-9BA8-45CE-861B-1E6FFD58B523}.Debug|x86.Build.0 = Debug|Win32
		{63860B46-9BA8-45CE-861B-1E6FFD58B523}.Release|x64.ActiveCfg = Release|x64
		{63860B46-9BA8-45CE-861B-1E6FFD58B523}.Release|x64.Build.0 = Release|x64
		{63860B46-9BA8-45CE-861B-1E6FFD58B523}.Release|x86.ActiveCfg = Release|Win32
		{63860B46-9BA8-45CE-861B-1E6FFD58B523}.Release|x86.Build.0 = Release|Win32
		{AF2C7A86-50B5-4A33-B18B-36A214D20A6E}.Debug|x64.ActiveCfg = Debug|x64
		{AF2C7A86-50B5-4A33-B18B-36A214D20A6E}.Debug|x64.Build.0 = Debug|x64
		{AF2C7A86-50B5-4A33-B18B-36A214D20A6E}.Debug|x86.ActiveCfg = Debug|Win32
		{AF2C7A86-50B5-4A33-B18B-36A214D20A6E}.Debug|x86.Build.0 = Debug|Win32
		{AF2C7A86-50B5-4A33-B18B-36A214D20A6E}.Release|x64.ActiveCfg = Release|x64
		{AF2C7A86-50B5-4A33-B18B-36A214D20A6E}.Release|x64.Build.0 = Release|x64
		{AF2C7A86-50B5-4A33-B18B-36A214D20A6E}.Release|x86.ActiveCfg = Release|Win32
		{AF2C7A86-50B5-4A33-B18B-36A214D20A6E}.Release|x86.Build.0 = Release|Win32
		{F0A53E4E-823E-4E1D-A592-2A206364C287}.Debug|x64.ActiveCfg = Debug|x64
		{F0A53E4E-823E-4E1D-A592-2A206364C287}.Debug|x64.Build.0 = Debug|x64
		{F0A53E4E-823E-4E1D-A592-2A206364C287}.Debug|x86.ActiveCfg = Debug|Win32
		{F0A53E4E-823E-4E1D-A592-2A206364C287}.Debug|x86.Build.0 = Debug|Win32
		{F0A53E4E-823E-4E1D-A592-2A206364C287}.Release|x64.ActiveCfg = Release|x64
		{F0A53E4E-823E-4E1D-A592-2A206364C287}.Release|x64.Build.0 = Release|x64
		{F0A53E4E-823E-4E1D-A592-2A206364C287}.Release|x86.ActiveCfg = Release|Win32
		{F0A53E4E-823E-4E1D-A592-2A206364C287}.Release|x86.Build.0 = Release|Win32
		{970360C9-C48A-4CB4-9BA2-E9299F20CA51}.Debug|x64.ActiveCfg = Debug|x64
		{970360C9-C48A-4CB4-9BA2-E9299F20CA51}.Debug|x64.Build.0 = Debug|x64
		{970360C9-C48A-4CB4-9BA2-E9299F20CA51}.Debug|x86.ActiveCfg = Debug|Win32
		{970360C9-C48A-4CB4-9BA2-E9299F20CA51}.Debug|x86.Build.0 = Debug|Win32
		{970360C9-C48A-4CB4-9BA2-E9299F20CA51}.Release|x64.ActiveCfg = Release|x64
		{970360C9-C48A-4CB4-9BA2-E9299F20CA51}.Release|x64.Build.0 = Release|x64
		{970360C9-C48A-4CB4-9BA2-E9299F20CA51}.Release|x86.ActiveCfg = Release|Win32
		{970360C9-C48A-4CB4-9BA2-E9299F20CA51}.Release|x86.Build.0 = Release|Win32
		{FE4156F1-5D82-4A3E-8A44-A6381A0A043E}.Debug|x64.ActiveCfg = Debug|x64
		{FE4156F1-5D82-4A3E-8A44-A6381A0A043E}.Debug|x64.Build.0 = Debug|x64
		{FE4156F1-5D82-4A3E-8A44-A6381A0A043E}.Debug|x86.ActiveCfg = Debug|Win32
		{FE4156F1-5D82-4A3E-8A44-A6381A0A043E}.Debug|x86.Build.0 = Debug|Win32
		{FE4156F1-5D82-4A3E-8A44-A6381A0A043E}.Release|x64.ActiveCfg = Release|x64
		{FE4156F1-5D82-4A3E-8A44-A6381A0A043E}.Release|x64.Build.0 = Release|x64
		{FE4156F1-5D82-4A3E-8A44-A6381A0A043E}.Release|x86.ActiveCfg = Release|Win32
		{FE4156F1-5D82-4A3E-8A44-A6381A0A043E}.Release|x86.Build.0 = Release|Win32
		{38648AD1-BC54-44F1-A9CE-222E12F7DADC}.Debug|x64.ActiveCfg = Debug|x64
		{38648AD1-BC54-44F1-A9CE-222E12F7DADC}.Debug|x64.Build.0 = Debug|x64
		{38648AD1-BC54-44F1-A9CE-222E12F7DADC}.Debug|x86.ActiveCfg = Debug|Win32
		{38648AD1-BC54-44F1-A9CE-222E12F7DADC}.Debug|x86.Build.0 = Debug|Win32
		{38648AD1-BC54-44F1-A9CE-222E12F7DADC}.Release|x64.ActiveCfg = Release|x64
		{38648AD1-BC54-44F1-A9CE-222E12F7DADC}.Release|x64.Build.0 = Release|x64
		{38648AD1-BC54-44F1-A9CE-222E12F7DADC}.Release|x86.ActiveCfg = Release|Win32
		{38648AD1-BC54-44F1-A9CE-222E12F7DADC}.Release|x86.Build.0 = Release|Win32
		{8E120CD5-084C-4F8F-B43A-3BD0AA57FF6F}.Debug|x64.ActiveCfg = Debug|x64
		{8E120CD5-084C-4F8F-B43A-3BD0AA57FF6F}.Debug|x64.Build.0 = Debug|x64
		{8E120CD5-084C-4F8F-B43A-3BD0AA57FF6F}.Debug|x86.ActiveCfg = Debug|Win32
		{8E120CD5-084C-4F8F-B43A-3BD0AA57FF6F}.Debug|x86.Build.0 = Debug|Win32
		{8E120CD5-084C-4F8F-B43A-3BD0AA57FF6F}.Release|x64.ActiveCfg = Release|x64
		{8E120CD5-084C-4F8F-B43A-3BD0AA57FF6F}.Release|x64.Build.0 = Release|x64
		{8E120CD5-084C-4F8F-B43A-3BD0AA57FF6F}.Release|x86.ActiveCfg = Release|Win32
		{8E120CD5-084C-4F8F-B43A-3BD0AA57FF6F}.Release|x86.Build.0 = Release|Win32
		{E268321A-116D-43C7-91BE-8A337793D82E}.Debug|x64.ActiveCfg = Debug|x64
		{E268321A-116D-43C7-91BE-8A337793D82E}.Debug|x64.Build.0 = Debug|x64
		{E268321A-116D-43C7-91BE-8A337793D82E}.Debug|x86.ActiveCfg = Debug|Win32
		{E268321A-116D-43C7-91BE-8A337793D82E}.Debug|x86.Build.0 = Debug|Win32
		{E268321A-116D-43C7-91BE-8A337793D82E}.Release|x64.ActiveCfg = Release|x64
		{E268321A-116D-43C7-91BE-8A337793D82E}.Release|x64.Build.0 = Release|x64
		{E268321A-116D-43C7-91BE-8A337793D82E}.Release|x86.ActiveCfg = Release|Win32
		{E268321A-116D-43C7-91BE-8A337793D82E}.Release|x86.Build.0 = Release|Win32
		{D2815C2D-CAEE-4018-BE1B-842FB34AE57E}.Debug|x64.ActiveCfg = Debug|x64
		{D2815C2D-CAEE-4018-BE1B-842FB34AE57E}.Debug|x64.Build.0 = Debug|x64
		{D2815C2D-CAEE-4018-BE1B-842FB34AE57E}.Debug|x86.ActiveCfg = Debug|Win32
		{D2815C2D-CAEE-4018-BE1B-842FB34AE57E}.Debug|x86.Build.0 = Debug|Win32
		{D2815C2D-CAEE-4018-BE1B-842FB34AE57E}.Release|x64.ActiveCfg = Release|x64
		{D2815C2D-CAEE-4018-BE1B-842FB34AE57E}.Release|x64.Build.0 = Release|x64
		{D2815C2D-CAEE-4018-BE1B-842FB34AE57E}.Release|x86.ActiveCfg = Release|Win32
		{D2815C2D-CAEE-4018-BE1B-842FB34AE57E}.Release|x86.Build.0 = Release|Win32
		{6F216A61-881E-424B-9320-943585AE851F}.Debug|x64.ActiveCfg = Debug|x64
		{6F216A61-881E-424B-9320-943585AE851F}.Debug|x64.Build.0 = Debug|x64
		{6F216A61-881E-424B-9320-943585AE851F}.Debug|x86.ActiveCfg = Debug|Win32
		{6F216A61-881E-424B-9320-943585AE851F}.Debug|x86.Build.0 = Debug|Win32
		{6F216A61-881E-424B-9320-943585AE851F}.Release|x64.ActiveCfg = Release|x64
		{6F216A61-881E-424B-9320-943585AE851F}.Release|x64.Build.0 = Release|x64
		{6F216A61-881E-424B-9320-943585AE851F}.Release|x86.ActiveCfg = Release|Win32
		{6F216A61-881E-424B-9320-943585AE851F}.Release|x86.Build.0 = Release|Win32
		{0F303037-4A29-4AA3-B4A4-2B6A2EA34812}.Debug|x64.ActiveCfg = Debug|x64
		{0F303037-4A29-4AA3-B4A4-2B6A2EA34812}.Debug|x64.Build.0 = Debug|x64
		{0F303037-4A29-4AA3-B4A4-2B6A2EA34812}.Debug|x86.ActiveCfg = Debug|Win32
		{0F303037-4A29-4AA3-B4A4-2B6A2EA34812}.Debug|x86.Build.0 = Debug|Win32
		{0F303037-4A29-4AA3-B4A4-2B6A2EA34812}.Release|x64.ActiveCfg = Release|x64
		{0F303037-4A29-4AA3-B4A4-2B6A2EA34812}.Release|x64.Build.0 = Release|x64
		{0F303037-4A29-4AA3-B4A4-2B6A2EA34812}.Release|x86.ActiveCfg = Release|Win32
		{0F303037-4A29-4AA3-B4A4-2B6A2EA34812}.Release|x86.Build.0 = Release|Win32
	EndGlobalSection
	GlobalSection(SolutionProperties) = preSolution
		HideSolutionNode = FALSE
	EndGlobalSection
	GlobalSection(ExtensibilityGlobals) = postSolution
		SolutionGuid = {F9FBA41C-C9F0-4512-941C-A6117A92B713}
	EndGlobalSection
EndGlobal
